
Microsoft Visual Studio Solution File, Format Version 12.00
# Visual Studio Version 17
VisualStudioVersion = 17.9.34701.34
MinimumVisualStudioVersion = 10.0.40219.1
Project("{9A19103F-16F7-4668-BE54-9A1E7A4F7556}") = "Entities", "Entities\Entities.csproj", "{E7A5DA39-3902-44B9-85A1-4C9DB2906683}"
EndProject
Project("{9A19103F-16F7-4668-BE54-9A1E7A4F7556}") = "DataAccess", "DataAccess\DataAccess.csproj", "{DAE8CE56-136C-4867-BD16-8EBEE1EE8CB4}"
EndProject
Project("{9A19103F-16F7-4668-BE54-9A1E7A4F7556}") = "Business", "Business\Business.csproj", "{378F7396-ED8C-4DC1-9AE3-8E85B162A50E}"
EndProject
Project("{9A19103F-16F7-4668-BE54-9A1E7A4F7556}") = "ConsoleUI", "ConsoleUI\ConsoleUI.csproj", "{B0F3413F-2FD2-4C49-827E-F17E3C3D538A}"
EndProject
Project("{9A19103F-16F7-4668-BE54-9A1E7A4F7556}") = "WebAPI", "WebAPI\WebAPI.csproj", "{E2157DDD-5E30-402F-8256-58A6E21E0A48}"
EndProject
Project("{9A19103F-16F7-4668-BE54-9A1E7A4F7556}") = "Core", "..\KampFinalProjectt\Core\Core.csproj", "{E8264021-118F-4E1F-B39C-A437118BAFA9}"
EndProject
Global
	GlobalSection(SolutionConfigurationPlatforms) = preSolution
		Debug|Any CPU = Debug|Any CPU
		Release|Any CPU = Release|Any CPU
	EndGlobalSection
	GlobalSection(ProjectConfigurationPlatforms) = postSolution
		{E7A5DA39-3902-44B9-85A1-4C9DB2906683}.Debug|Any CPU.ActiveCfg = Debug|Any CPU
		{E7A5DA39-3902-44B9-85A1-4C9DB2906683}.Debug|Any CPU.Build.0 = Debug|Any CPU
		{E7A5DA39-3902-44B9-85A1-4C9DB2906683}.Release|Any CPU.ActiveCfg = Release|Any CPU
		{E7A5DA39-3902-44B9-85A1-4C9DB2906683}.Release|Any CPU.Build.0 = Release|Any CPU
		{DAE8CE56-136C-4867-BD16-8EBEE1EE8CB4}.Debug|Any CPU.ActiveCfg = Debug|Any CPU
		{DAE8CE56-136C-4867-BD16-8EBEE1EE8CB4}.Debug|Any CPU.Build.0 = Debug|Any CPU
		{DAE8CE56-136C-4867-BD16-8EBEE1EE8CB4}.Release|Any CPU.ActiveCfg = Release|Any CPU
		{DAE8CE56-136C-4867-BD16-8EBEE1EE8CB4}.Release|Any CPU.Build.0 = Release|Any CPU
		{378F7396-ED8C-4DC1-9AE3-8E85B162A50E}.Debug|Any CPU.ActiveCfg = Debug|Any CPU
		{378F7396-ED8C-4DC1-9AE3-8E85B162A50E}.Debug|Any CPU.Build.0 = Debug|Any CPU
		{378F7396-ED8C-4DC1-9AE3-8E85B162A50E}.Release|Any CPU.ActiveCfg = Release|Any CPU
		{378F7396-ED8C-4DC1-9AE3-8E85B162A50E}.Release|Any CPU.Build.0 = Release|Any CPU
		{B0F3413F-2FD2-4C49-827E-F17E3C3D538A}.Debug|Any CPU.ActiveCfg = Debug|Any CPU
		{B0F3413F-2FD2-4C49-827E-F17E3C3D538A}.Debug|Any CPU.Build.0 = Debug|Any CPU
		{B0F3413F-2FD2-4C49-827E-F17E3C3D538A}.Release|Any CPU.ActiveCfg = Release|Any CPU
		{B0F3413F-2FD2-4C49-827E-F17E3C3D538A}.Release|Any CPU.Build.0 = Release|Any CPU
		{E2157DDD-5E30-402F-8256-58A6E21E0A48}.Debug|Any CPU.ActiveCfg = Debug|Any CPU
		{E2157DDD-5E30-402F-8256-58A6E21E0A48}.Debug|Any CPU.Build.0 = Debug|Any CPU
		{E2157DDD-5E30-402F-8256-58A6E21E0A48}.Release|Any CPU.ActiveCfg = Release|Any CPU
		{E2157DDD-5E30-402F-8256-58A6E21E0A48}.Release|Any CPU.Build.0 = Release|Any CPU
		{E8264021-118F-4E1F-B39C-A437118BAFA9}.Debug|Any CPU.ActiveCfg = Debug|Any CPU
		{E8264021-118F-4E1F-B39C-A437118BAFA9}.Debug|Any CPU.Build.0 = Debug|Any CPU
		{E8264021-118F-4E1F-B39C-A437118BAFA9}.Release|Any CPU.ActiveCfg = Release|Any CPU
		{E8264021-118F-4E1F-B39C-A437118BAFA9}.Release|Any CPU.Build.0 = Release|Any CPU
	EndGlobalSection
	GlobalSection(SolutionProperties) = preSolution
		HideSolutionNode = FALSE
	EndGlobalSection
	GlobalSection(ExtensibilityGlobals) = postSolution
		SolutionGuid = {837EBF75-7B89-42A6-8F2E-6226D55B3AF4}
	EndGlobalSection
EndGlobal
